
Microsoft Visual Studio Solution File, Format Version 12.00
# Visual Studio 15
VisualStudioVersion = 15.0.27130.2010
MinimumVisualStudioVersion = 10.0.40219.1
Project("{FAE04EC0-301F-11D3-BF4B-00C04F79EFBC}") = "HostelManagement(SD)Apps", "HostelManagement(SD)Apps\HostelManagement(SD)Apps.csproj", "{613DBC05-2D63-4E6E-B0BD-BF401232560C}"
EndProject
Global
	GlobalSection(SolutionConfigurationPlatforms) = preSolution
		Debug|Any CPU = Debug|Any CPU
		Release|Any CPU = Release|Any CPU
	EndGlobalSection
	GlobalSection(ProjectConfigurationPlatforms) = postSolution
		{613DBC05-2D63-4E6E-B0BD-BF401232560C}.Debug|Any CPU.ActiveCfg = Debug|Any CPU
		{613DBC05-2D63-4E6E-B0BD-BF401232560C}.Debug|Any CPU.Build.0 = Debug|Any CPU
		{613DBC05-2D63-4E6E-B0BD-BF401232560C}.Release|Any CPU.ActiveCfg = Release|Any CPU
		{613DBC05-2D63-4E6E-B0BD-BF401232560C}.Release|Any CPU.Build.0 = Release|Any CPU
	EndGlobalSection
	GlobalSection(SolutionProperties) = preSolution
		HideSolutionNode = FALSE
	EndGlobalSection
	GlobalSection(ExtensibilityGlobals) = postSolution
		SolutionGuid = {3809AD3B-4132-44FF-9A19-9834B1A760D3}
	EndGlobalSection
EndGlobal
